
Microsoft Visual Studio Solution File, Format Version 12.00
# Visual Studio Version 17
VisualStudioVersion = 17.4.33213.308
MinimumVisualStudioVersion = 10.0.40219.1
Project("{8BC9CEB8-8B4A-11D0-8D11-00A0C91BC942}") = "lab7", "lab7\lab7.vcxproj", "{B99F4A55-B665-43DB-8E31-FE1C0D00D25A}"
EndProject
Project("{8BC9CEB8-8B4A-11D0-8D11-00A0C91BC942}") = "2", "2\2.vcxproj", "{E00C40D8-60B1-42A2-93E4-AE9506DD0337}"
EndProject
Project("{8BC9CEB8-8B4A-11D0-8D11-00A0C91BC942}") = "3", "3\3.vcxproj", "{A1B83DBD-1FCF-4943-A606-BC84DF011A09}"
EndProject
Project("{8BC9CEB8-8B4A-11D0-8D11-00A0C91BC942}") = "4", "4\4.vcxproj", "{9A5C44FC-7166-4232-AC25-21B04109F37B}"
EndProject
Project("{8BC9CEB8-8B4A-11D0-8D11-00A0C91BC942}") = "5", "5\5.vcxproj", "{683B1F55-76BD-4A57-A3EA-FE2D6E1E5CCA}"
EndProject
Project("{8BC9CEB8-8B4A-11D0-8D11-00A0C91BC942}") = "6", "6\6.vcxproj", "{E4CEFB90-3733-4E54-9B9A-C7CC32BAAC61}"
EndProject
Project("{8BC9CEB8-8B4A-11D0-8D11-00A0C91BC942}") = "7", "7\7.vcxproj", "{7AE3D1C9-CCBA-4D19-82BA-B42E376D3C06}"
EndProject
Project("{8BC9CEB8-8B4A-11D0-8D11-00A0C91BC942}") = "8", "8\8.vcxproj", "{E9D89AD7-1645-42F6-8339-AC301BFED5B5}"
EndProject
Project("{8BC9CEB8-8B4A-11D0-8D11-00A0C91BC942}") = "9", "9\9.vcxproj", "{12D20061-FE66-4ABE-9A18-45588C0E6F85}"
EndProject
Project("{8BC9CEB8-8B4A-11D0-8D11-00A0C91BC942}") = "10", "10\10.vcxproj", "{715EBC8B-992C-4666-9851-4C630DB176B0}"
EndProject
Project("{8BC9CEB8-8B4A-11D0-8D11-00A0C91BC942}") = "11", "11\11.vcxproj", "{96E19322-3CCC-4D1F-81F8-168FAB7BE69F}"
EndProject
Project("{8BC9CEB8-8B4A-11D0-8D11-00A0C91BC942}") = "12", "12\12.vcxproj", "{413415E5-B2B9-463B-A0C7-AEBE4A3E7CB9}"
EndProject
Project("{8BC9CEB8-8B4A-11D0-8D11-00A0C91BC942}") = "13", "13\13.vcxproj", "{6664FF94-9CFB-4B08-82BE-D568B8DD25F0}"
EndProject
Project("{8BC9CEB8-8B4A-11D0-8D11-00A0C91BC942}") = "14", "14\14.vcxproj", "{BE3DFAEA-7A5A-458E-AC4C-5697ABDFAF81}"
EndProject
Project("{8BC9CEB8-8B4A-11D0-8D11-00A0C91BC942}") = "15", "15\15.vcxproj", "{F482130C-1248-4A6E-88D2-34AB230AFB45}"
EndProject
Project("{8BC9CEB8-8B4A-11D0-8D11-00A0C91BC942}") = "16", "16\16.vcxproj", "{857884FA-5AC9-45F1-9F85-3C6BEC42B9EA}"
EndProject
Project("{8BC9CEB8-8B4A-11D0-8D11-00A0C91BC942}") = "17", "17\17.vcxproj", "{DB934E1F-FB98-43B2-951B-81ABCA67CDD5}"
EndProject
Project("{8BC9CEB8-8B4A-11D0-8D11-00A0C91BC942}") = "18", "18\18.vcxproj", "{BF52C957-30F5-4F9B-A6DA-27F779A16CD9}"
EndProject
Global
	GlobalSection(SolutionConfigurationPlatforms) = preSolution
		Debug|x64 = Debug|x64
		Debug|x86 = Debug|x86
		Release|x64 = Release|x64
		Release|x86 = Release|x86
	EndGlobalSection
	GlobalSection(ProjectConfigurationPlatforms) = postSolution
		{B99F4A55-B665-43DB-8E31-FE1C0D00D25A}.Debug|x64.ActiveCfg = Debug|x64
		{B99F4A55-B665-43DB-8E31-FE1C0D00D25A}.Debug|x64.Build.0 = Debug|x64
		{B99F4A55-B665-43DB-8E31-FE1C0D00D25A}.Debug|x86.ActiveCfg = Debug|Win32
		{B99F4A55-B665-43DB-8E31-FE1C0D00D25A}.Debug|x86.Build.0 = Debug|Win32
		{B99F4A55-B665-43DB-8E31-FE1C0D00D25A}.Release|x64.ActiveCfg = Release|x64
		{B99F4A55-B665-43DB-8E31-FE1C0D00D25A}.Release|x64.Build.0 = Release|x64
		{B99F4A55-B665-43DB-8E31-FE1C0D00D25A}.Release|x86.ActiveCfg = Release|Win32
		{B99F4A55-B665-43DB-8E31-FE1C0D00D25A}.Release|x86.Build.0 = Release|Win32
		{E00C40D8-60B1-42A2-93E4-AE9506DD0337}.Debug|x64.ActiveCfg = Debug|x64
		{E00C40D8-60B1-42A2-93E4-AE9506DD0337}.Debug|x64.Build.0 = Debug|x64
		{E00C40D8-60B1-42A2-93E4-AE9506DD0337}.Debug|x86.ActiveCfg = Debug|Win32
		{E00C40D8-60B1-42A2-93E4-AE9506DD0337}.Debug|x86.Build.0 = Debug|Win32
		{E00C40D8-60B1-42A2-93E4-AE9506DD0337}.Release|x64.ActiveCfg = Release|x64
		{E00C40D8-60B1-42A2-93E4-AE9506DD0337}.Release|x64.Build.0 = Release|x64
		{E00C40D8-60B1-42A2-93E4-AE9506DD0337}.Release|x86.ActiveCfg = Release|Win32
		{E00C40D8-60B1-42A2-93E4-AE9506DD0337}.Release|x86.Build.0 = Release|Win32
		{A1B83DBD-1FCF-4943-A606-BC84DF011A09}.Debug|x64.ActiveCfg = Debug|x64
		{A1B83DBD-1FCF-4943-A606-BC84DF011A09}.Debug|x64.Build.0 = Debug|x64
		{A1B83DBD-1FCF-4943-A606-BC84DF011A09}.Debug|x86.ActiveCfg = Debug|Win32
		{A1B83DBD-1FCF-4943-A606-BC84DF011A09}.Debug|x86.Build.0 = Debug|Win32
		{A1B83DBD-1FCF-4943-A606-BC84DF011A09}.Release|x64.ActiveCfg = Release|x64
		{A1B83DBD-1FCF-4943-A606-BC84DF011A09}.Release|x64.Build.0 = Release|x64
		{A1B83DBD-1FCF-4943-A606-BC84DF011A09}.Release|x86.ActiveCfg = Release|Win32
		{A1B83DBD-1FCF-4943-A606-BC84DF011A09}.Release|x86.Build.0 = Release|Win32
		{9A5C44FC-7166-4232-AC25-21B04109F37B}.Debug|x64.ActiveCfg = Debug|x64
		{9A5C44FC-7166-4232-AC25-21B04109F37B}.Debug|x64.Build.0 = Debug|x64
		{9A5C44FC-7166-4232-AC25-21B04109F37B}.Debug|x86.ActiveCfg = Debug|Win32
		{9A5C44FC-7166-4232-AC25-21B04109F37B}.Debug|x86.Build.0 = Debug|Win32
		{9A5C44FC-7166-4232-AC25-21B04109F37B}.Release|x64.ActiveCfg = Release|x64
		{9A5C44FC-7166-4232-AC25-21B04109F37B}.Release|x64.Build.0 = Release|x64
		{9A5C44FC-7166-4232-AC25-21B04109F37B}.Release|x86.ActiveCfg = Release|Win32
		{9A5C44FC-7166-4232-AC25-21B04109F37B}.Release|x86.Build.0 = Release|Win32
		{683B1F55-76BD-4A57-A3EA-FE2D6E1E5CCA}.Debug|x64.ActiveCfg = Debug|x64
		{683B1F55-76BD-4A57-A3EA-FE2D6E1E5CCA}.Debug|x64.Build.0 = Debug|x64
		{683B1F55-76BD-4A57-A3EA-FE2D6E1E5CCA}.Debug|x86.ActiveCfg = Debug|Win32
		{683B1F55-76BD-4A57-A3EA-FE2D6E1E5CCA}.Debug|x86.Build.0 = Debug|Win32
		{683B1F55-76BD-4A57-A3EA-FE2D6E1E5CCA}.Release|x64.ActiveCfg = Release|x64
		{683B1F55-76BD-4A57-A3EA-FE2D6E1E5CCA}.Release|x64.Build.0 = Release|x64
		{683B1F55-76BD-4A57-A3EA-FE2D6E1E5CCA}.Release|x86.ActiveCfg = Release|Win32
		{683B1F55-76BD-4A57-A3EA-FE2D6E1E5CCA}.Release|x86.Build.0 = Release|Win32
		{E4CEFB90-3733-4E54-9B9A-C7CC32BAAC61}.Debug|x64.ActiveCfg = Debug|x64
		{E4CEFB90-3733-4E54-9B9A-C7CC32BAAC61}.Debug|x64.Build.0 = Debug|x64
		{E4CEFB90-3733-4E54-9B9A-C7CC32BAAC61}.Debug|x86.ActiveCfg = Debug|Win32
		{E4CEFB90-3733-4E54-9B9A-C7CC32BAAC61}.Debug|x86.Build.0 = Debug|Win32
		{E4CEFB90-3733-4E54-9B9A-C7CC32BAAC61}.Release|x64.ActiveCfg = Release|x64
		{E4CEFB90-3733-4E54-9B9A-C7CC32BAAC61}.Release|x64.Build.0 = Release|x64
		{E4CEFB90-3733-4E54-9B9A-C7CC32BAAC61}.Release|x86.ActiveCfg = Release|Win32
		{E4CEFB90-3733-4E54-9B9A-C7CC32BAAC61}.Release|x86.Build.0 = Release|Win32
		{7AE3D1C9-CCBA-4D19-82BA-B42E376D3C06}.Debug|x64.ActiveCfg = Debug|x64
		{7AE3D1C9-CCBA-4D19-82BA-B42E376D3C06}.Debug|x64.Build.0 = Debug|x64
		{7AE3D1C9-CCBA-4D19-82BA-B42E376D3C06}.Debug|x86.ActiveCfg = Debug|Win32
		{7AE3D1C9-CCBA-4D19-82BA-B42E376D3C06}.Debug|x86.Build.0 = Debug|Win32
		{7AE3D1C9-CCBA-4D19-82BA-B42E376D3C06}.Release|x64.ActiveCfg = Release|x64
		{7AE3D1C9-CCBA-4D19-82BA-B42E376D3C06}.Release|x64.Build.0 = Release|x64
		{7AE3D1C9-CCBA-4D19-82BA-B42E376D3C06}.Release|x86.ActiveCfg = Release|Win32
		{7AE3D1C9-CCBA-4D19-82BA-B42E376D3C06}.Release|x86.Build.0 = Release|Win32
		{E9D89AD7-1645-42F6-8339-AC301BFED5B5}.Debug|x64.ActiveCfg = Debug|x64
		{E9D89AD7-1645-42F6-8339-AC301BFED5B5}.Debug|x64.Build.0 = Debug|x64
		{E9D89AD7-1645-42F6-8339-AC301BFED5B5}.Debug|x86.ActiveCfg = Debug|Win32
		{E9D89AD7-1645-42F6-8339-AC301BFED5B5}.Debug|x86.Build.0 = Debug|Win32
		{E9D89AD7-1645-42F6-8339-AC301BFED5B5}.Release|x64.ActiveCfg = Release|x64
		{E9D89AD7-1645-42F6-8339-AC301BFED5B5}.Release|x64.Build.0 = Release|x64
		{E9D89AD7-1645-42F6-8339-AC301BFED5B5}.Release|x86.ActiveCfg = Release|Win32
		{E9D89AD7-1645-42F6-8339-AC301BFED5B5}.Release|x86.Build.0 = Release|Win32
		{12D20061-FE66-4ABE-9A18-45588C0E6F85}.Debug|x64.ActiveCfg = Debug|x64
		{12D20061-FE66-4ABE-9A18-45588C0E6F85}.Debug|x64.Build.0 = Debug|x64
		{12D20061-FE66-4ABE-9A18-45588C0E6F85}.Debug|x86.ActiveCfg = Debug|Win32
		{12D20061-FE66-4ABE-9A18-45588C0E6F85}.Debug|x86.Build.0 = Debug|Win32
		{12D20061-FE66-4ABE-9A18-45588C0E6F85}.Release|x64.ActiveCfg = Release|x64
		{12D20061-FE66-4ABE-9A18-45588C0E6F85}.Release|x64.Build.0 = Release|x64
		{12D20061-FE66-4ABE-9A18-45588C0E6F85}.Release|x86.ActiveCfg = Release|Win32
		{12D20061-FE66-4ABE-9A18-45588C0E6F85}.Release|x86.Build.0 = Release|Win32
		{715EBC8B-992C-4666-9851-4C630DB176B0}.Debug|x64.ActiveCfg = Debug|x64
		{715EBC8B-992C-4666-9851-4C630DB176B0}.Debug|x64.Build.0 = Debug|x64
		{715EBC8B-992C-4666-9851-4C630DB176B0}.Debug|x86.ActiveCfg = Debug|Win32
		{715EBC8B-992C-4666-9851-4C630DB176B0}.Debug|x86.Build.0 = Debug|Win32
		{715EBC8B-992C-4666-9851-4C630DB176B0}.Release|x64.ActiveCfg = Release|x64
		{715EBC8B-992C-4666-9851-4C630DB176B0}.Release|x64.Build.0 = Release|x64
		{715EBC8B-992C-4666-9851-4C630DB176B0}.Release|x86.ActiveCfg = Release|Win32
		{715EBC8B-992C-4666-9851-4C630DB176B0}.Release|x86.Build.0 = Release|Win32
		{96E19322-3CCC-4D1F-81F8-168FAB7BE69F}.Debug|x64.ActiveCfg = Debug|x64
		{96E19322-3CCC-4D1F-81F8-168FAB7BE69F}.Debug|x64.Build.0 = Debug|x64
		{96E19322-3CCC-4D1F-81F8-168FAB7BE69F}.Debug|x86.ActiveCfg = Debug|Win32
		{96E19322-3CCC-4D1F-81F8-168FAB7BE69F}.Debug|x86.Build.0 = Debug|Win32
		{96E19322-3CCC-4D1F-81F8-168FAB7BE69F}.Release|x64.ActiveCfg = Release|x64
		{96E19322-3CCC-4D1F-81F8-168FAB7BE69F}.Release|x64.Build.0 = Release|x64
		{96E19322-3CCC-4D1F-81F8-168FAB7BE69F}.Release|x86.ActiveCfg = Release|Win32
		{96E19322-3CCC-4D1F-81F8-168FAB7BE69F}.Release|x86.Build.0 = Release|Win32
		{413415E5-B2B9-463B-A0C7-AEBE4A3E7CB9}.Debug|x64.ActiveCfg = Debug|x64
		{413415E5-B2B9-463B-A0C7-AEBE4A3E7CB9}.Debug|x64.Build.0 = Debug|x64
		{413415E5-B2B9-463B-A0C7-AEBE4A3E7CB9}.Debug|x86.ActiveCfg = Debug|Win32
		{413415E5-B2B9-463B-A0C7-AEBE4A3E7CB9}.Debug|x86.Build.0 = Debug|Win32
		{413415E5-B2B9-463B-A0C7-AEBE4A3E7CB9}.Release|x64.ActiveCfg = Release|x64
		{413415E5-B2B9-463B-A0C7-AEBE4A3E7CB9}.Release|x64.Build.0 = Release|x64
		{413415E5-B2B9-463B-A0C7-AEBE4A3E7CB9}.Release|x86.ActiveCfg = Release|Win32
		{413415E5-B2B9-463B-A0C7-AEBE4A3E7CB9}.Release|x86.Build.0 = Release|Win32
		{6664FF94-9CFB-4B08-82BE-D568B8DD25F0}.Debug|x64.ActiveCfg = Debug|x64
		{6664FF94-9CFB-4B08-82BE-D568B8DD25F0}.Debug|x64.Build.0 = Debug|x64
		{6664FF94-9CFB-4B08-82BE-D568B8DD25F0}.Debug|x86.ActiveCfg = Debug|Win32
		{6664FF94-9CFB-4B08-82BE-D568B8DD25F0}.Debug|x86.Build.0 = Debug|Win32
		{6664FF94-9CFB-4B08-82BE-D568B8DD25F0}.Release|x64.ActiveCfg = Release|x64
		{6664FF94-9CFB-4B08-82BE-D568B8DD25F0}.Release|x64.Build.0 = Release|x64
		{6664FF94-9CFB-4B08-82BE-D568B8DD25F0}.Release|x86.ActiveCfg = Release|Win32
		{6664FF94-9CFB-4B08-82BE-D568B8DD25F0}.Release|x86.Build.0 = Release|Win32
		{BE3DFAEA-7A5A-458E-AC4C-5697ABDFAF81}.Debug|x64.ActiveCfg = Debug|x64
		{BE3DFAEA-7A5A-458E-AC4C-5697ABDFAF81}.Debug|x64.Build.0 = Debug|x64
		{BE3DFAEA-7A5A-458E-AC4C-5697ABDFAF81}.Debug|x86.ActiveCfg = Debug|Win32
		{BE3DFAEA-7A5A-458E-AC4C-5697ABDFAF81}.Debug|x86.Build.0 = Debug|Win32
		{BE3DFAEA-7A5A-458E-AC4C-5697ABDFAF81}.Release|x64.ActiveCfg = Release|x64
		{BE3DFAEA-7A5A-458E-AC4C-5697ABDFAF81}.Release|x64.Build.0 = Release|x64
		{BE3DFAEA-7A5A-458E-AC4C-5697ABDFAF81}.Release|x86.ActiveCfg = Release|Win32
		{BE3DFAEA-7A5A-458E-AC4C-5697ABDFAF81}.Release|x86.Build.0 = Release|Win32
		{F482130C-1248-4A6E-88D2-34AB230AFB45}.Debug|x64.ActiveCfg = Debug|x64
		{F482130C-1248-4A6E-88D2-34AB230AFB45}.Debug|x64.Build.0 = Debug|x64
		{F482130C-1248-4A6E-88D2-34AB230AFB45}.Debug|x86.ActiveCfg = Debug|Win32
		{F482130C-1248-4A6E-88D2-34AB230AFB45}.Debug|x86.Build.0 = Debug|Win32
		{F482130C-1248-4A6E-88D2-34AB230AFB45}.Release|x64.ActiveCfg = Release|x64
		{F482130C-1248-4A6E-88D2-34AB230AFB45}.Release|x64.Build.0 = Release|x64
		{F482130C-1248-4A6E-88D2-34AB230AFB45}.Release|x86.ActiveCfg = Release|Win32
		{F482130C-1248-4A6E-88D2-34AB230AFB45}.Release|x86.Build.0 = Release|Win32
		{857884FA-5AC9-45F1-9F85-3C6BEC42B9EA}.Debug|x64.ActiveCfg = Debug|x64
		{857884FA-5AC9-45F1-9F85-3C6BEC42B9EA}.Debug|x64.Build.0 = Debug|x64
		{857884FA-5AC9-45F1-9F85-3C6BEC42B9EA}.Debug|x86.ActiveCfg = Debug|Win32
		{857884FA-5AC9-45F1-9F85-3C6BEC42B9EA}.Debug|x86.Build.0 = Debug|Win32
		{857884FA-5AC9-45F1-9F85-3C6BEC42B9EA}.Release|x64.ActiveCfg = Release|x64
		{857884FA-5AC9-45F1-9F85-3C6BEC42B9EA}.Release|x64.Build.0 = Release|x64
		{857884FA-5AC9-45F1-9F85-3C6BEC42B9EA}.Release|x86.ActiveCfg = Release|Win32
		{857884FA-5AC9-45F1-9F85-3C6BEC42B9EA}.Release|x86.Build.0 = Release|Win32
		{DB934E1F-FB98-43B2-951B-81ABCA67CDD5}.Debug|x64.ActiveCfg = Debug|x64
		{DB934E1F-FB98-43B2-951B-81ABCA67CDD5}.Debug|x64.Build.0 = Debug|x64
		{DB934E1F-FB98-43B2-951B-81ABCA67CDD5}.Debug|x86.ActiveCfg = Debug|Win32
		{DB934E1F-FB98-43B2-951B-81ABCA67CDD5}.Debug|x86.Build.0 = Debug|Win32
		{DB934E1F-FB98-43B2-951B-81ABCA67CDD5}.Release|x64.ActiveCfg = Release|x64
		{DB934E1F-FB98-43B2-951B-81ABCA67CDD5}.Release|x64.Build.0 = Release|x64
		{DB934E1F-FB98-43B2-951B-81ABCA67CDD5}.Release|x86.ActiveCfg = Release|Win32
		{DB934E1F-FB98-43B2-951B-81ABCA67CDD5}.Release|x86.Build.0 = Release|Win32
		{BF52C957-30F5-4F9B-A6DA-27F779A16CD9}.Debug|x64.ActiveCfg = Debug|x64
		{BF52C957-30F5-4F9B-A6DA-27F779A16CD9}.Debug|x64.Build.0 = Debug|x64
		{BF52C957-30F5-4F9B-A6DA-27F779A16CD9}.Debug|x86.ActiveCfg = Debug|Win32
		{BF52C957-30F5-4F9B-A6DA-27F779A16CD9}.Debug|x86.Build.0 = Debug|Win32
		{BF52C957-30F5-4F9B-A6DA-27F779A16CD9}.Release|x64.ActiveCfg = Release|x64
		{BF52C957-30F5-4F9B-A6DA-27F779A16CD9}.Release|x64.Build.0 = Release|x64
		{BF52C957-30F5-4F9B-A6DA-27F779A16CD9}.Release|x86.ActiveCfg = Release|Win32
		{BF52C957-30F5-4F9B-A6DA-27F779A16CD9}.Release|x86.Build.0 = Release|Win32
	EndGlobalSection
	GlobalSection(SolutionProperties) = preSolution
		HideSolutionNode = FALSE
	EndGlobalSection
	GlobalSection(ExtensibilityGlobals) = postSolution
		SolutionGuid = {F1291FB8-95BF-44E1-837B-0570E6351478}
	EndGlobalSection
EndGlobal
