
Microsoft Visual Studio Solution File, Format Version 12.00
# Visual Studio Version 17
VisualStudioVersion = 17.4.33213.308
MinimumVisualStudioVersion = 10.0.40219.1
Project("{8BC9CEB8-8B4A-11D0-8D11-00A0C91BC942}") = "Nastya", "Nastya\Nastya.vcxproj", "{BCD5B923-0FAA-497E-8E88-E2AB8DB917A1}"
EndProject
Project("{8BC9CEB8-8B4A-11D0-8D11-00A0C91BC942}") = "1ы", "1ы\1ы.vcxproj", "{0B9D39EA-CC5F-4675-89C3-D732C5B6919B}"
EndProject
Global
	GlobalSection(SolutionConfigurationPlatforms) = preSolution
		Debug|x64 = Debug|x64
		Debug|x86 = Debug|x86
		Release|x64 = Release|x64
		Release|x86 = Release|x86
	EndGlobalSection
	GlobalSection(ProjectConfigurationPlatforms) = postSolution
		{BCD5B923-0FAA-497E-8E88-E2AB8DB917A1}.Debug|x64.ActiveCfg = Debug|x64
		{BCD5B923-0FAA-497E-8E88-E2AB8DB917A1}.Debug|x64.Build.0 = Debug|x64
		{BCD5B923-0FAA-497E-8E88-E2AB8DB917A1}.Debug|x86.ActiveCfg = Debug|Win32
		{BCD5B923-0FAA-497E-8E88-E2AB8DB917A1}.Debug|x86.Build.0 = Debug|Win32
		{BCD5B923-0FAA-497E-8E88-E2AB8DB917A1}.Release|x64.ActiveCfg = Release|x64
		{BCD5B923-0FAA-497E-8E88-E2AB8DB917A1}.Release|x64.Build.0 = Release|x64
		{BCD5B923-0FAA-497E-8E88-E2AB8DB917A1}.Release|x86.ActiveCfg = Release|Win32
		{BCD5B923-0FAA-497E-8E88-E2AB8DB917A1}.Release|x86.Build.0 = Release|Win32
		{0B9D39EA-CC5F-4675-89C3-D732C5B6919B}.Debug|x64.ActiveCfg = Debug|x64
		{0B9D39EA-CC5F-4675-89C3-D732C5B6919B}.Debug|x64.Build.0 = Debug|x64
		{0B9D39EA-CC5F-4675-89C3-D732C5B6919B}.Debug|x86.ActiveCfg = Debug|Win32
		{0B9D39EA-CC5F-4675-89C3-D732C5B6919B}.Debug|x86.Build.0 = Debug|Win32
		{0B9D39EA-CC5F-4675-89C3-D732C5B6919B}.Release|x64.ActiveCfg = Release|x64
		{0B9D39EA-CC5F-4675-89C3-D732C5B6919B}.Release|x64.Build.0 = Release|x64
		{0B9D39EA-CC5F-4675-89C3-D732C5B6919B}.Release|x86.ActiveCfg = Release|Win32
		{0B9D39EA-CC5F-4675-89C3-D732C5B6919B}.Release|x86.Build.0 = Release|Win32
	EndGlobalSection
	GlobalSection(SolutionProperties) = preSolution
		HideSolutionNode = FALSE
	EndGlobalSection
	GlobalSection(ExtensibilityGlobals) = postSolution
		SolutionGuid = {182C00B5-2061-4192-8CBD-CC40F1EFF4CE}
	EndGlobalSection
EndGlobal
