
Microsoft Visual Studio Solution File, Format Version 12.00
# Visual Studio Version 17
VisualStudioVersion = 17.4.33213.308
MinimumVisualStudioVersion = 10.0.40219.1
Project("{8BC9CEB8-8B4A-11D0-8D11-00A0C91BC942}") = "lab6", "lab6\lab6.vcxproj", "{2E4B6A38-66F4-4888-A786-539FE46F4707}"
EndProject
Project("{8BC9CEB8-8B4A-11D0-8D11-00A0C91BC942}") = "2", "2\2.vcxproj", "{5FD2F627-CEFF-4188-8F2F-DEDE644B2E2C}"
EndProject
Project("{8BC9CEB8-8B4A-11D0-8D11-00A0C91BC942}") = "3", "3\3.vcxproj", "{412349A2-9E55-42B4-B8A2-BBB82554C743}"
EndProject
Project("{8BC9CEB8-8B4A-11D0-8D11-00A0C91BC942}") = "4", "4\4.vcxproj", "{E223C3A4-DF0C-4D91-BFE0-4814A021F412}"
EndProject
Project("{8BC9CEB8-8B4A-11D0-8D11-00A0C91BC942}") = "5", "5\5.vcxproj", "{B1737344-CCB8-4A40-BDA9-6B9A76AE329E}"
EndProject
Project("{8BC9CEB8-8B4A-11D0-8D11-00A0C91BC942}") = "6", "6\6.vcxproj", "{13DFA84D-D166-45D7-8D0C-784563FE5CDA}"
EndProject
Project("{8BC9CEB8-8B4A-11D0-8D11-00A0C91BC942}") = "7", "7\7.vcxproj", "{81E539D1-1EC4-4137-8A0D-1BA151FA1D91}"
EndProject
Project("{8BC9CEB8-8B4A-11D0-8D11-00A0C91BC942}") = "8", "8\8.vcxproj", "{B215DC0D-C188-476A-9E42-E95E9B1DE02B}"
EndProject
Project("{8BC9CEB8-8B4A-11D0-8D11-00A0C91BC942}") = "9", "9\9.vcxproj", "{EEA92667-4298-4C09-9D8C-DC8840B41D47}"
EndProject
Project("{8BC9CEB8-8B4A-11D0-8D11-00A0C91BC942}") = "10", "10\10.vcxproj", "{03A63FB2-4B04-456F-91C2-24415F51D7CB}"
EndProject
Project("{8BC9CEB8-8B4A-11D0-8D11-00A0C91BC942}") = "11", "11\11.vcxproj", "{1C94004F-5D96-4EA6-83CC-3032E74C52D5}"
EndProject
Global
	GlobalSection(SolutionConfigurationPlatforms) = preSolution
		Debug|x64 = Debug|x64
		Debug|x86 = Debug|x86
		Release|x64 = Release|x64
		Release|x86 = Release|x86
	EndGlobalSection
	GlobalSection(ProjectConfigurationPlatforms) = postSolution
		{2E4B6A38-66F4-4888-A786-539FE46F4707}.Debug|x64.ActiveCfg = Debug|x64
		{2E4B6A38-66F4-4888-A786-539FE46F4707}.Debug|x64.Build.0 = Debug|x64
		{2E4B6A38-66F4-4888-A786-539FE46F4707}.Debug|x86.ActiveCfg = Debug|Win32
		{2E4B6A38-66F4-4888-A786-539FE46F4707}.Debug|x86.Build.0 = Debug|Win32
		{2E4B6A38-66F4-4888-A786-539FE46F4707}.Release|x64.ActiveCfg = Release|x64
		{2E4B6A38-66F4-4888-A786-539FE46F4707}.Release|x64.Build.0 = Release|x64
		{2E4B6A38-66F4-4888-A786-539FE46F4707}.Release|x86.ActiveCfg = Release|Win32
		{2E4B6A38-66F4-4888-A786-539FE46F4707}.Release|x86.Build.0 = Release|Win32
		{5FD2F627-CEFF-4188-8F2F-DEDE644B2E2C}.Debug|x64.ActiveCfg = Debug|x64
		{5FD2F627-CEFF-4188-8F2F-DEDE644B2E2C}.Debug|x64.Build.0 = Debug|x64
		{5FD2F627-CEFF-4188-8F2F-DEDE644B2E2C}.Debug|x86.ActiveCfg = Debug|Win32
		{5FD2F627-CEFF-4188-8F2F-DEDE644B2E2C}.Debug|x86.Build.0 = Debug|Win32
		{5FD2F627-CEFF-4188-8F2F-DEDE644B2E2C}.Release|x64.ActiveCfg = Release|x64
		{5FD2F627-CEFF-4188-8F2F-DEDE644B2E2C}.Release|x64.Build.0 = Release|x64
		{5FD2F627-CEFF-4188-8F2F-DEDE644B2E2C}.Release|x86.ActiveCfg = Release|Win32
		{5FD2F627-CEFF-4188-8F2F-DEDE644B2E2C}.Release|x86.Build.0 = Release|Win32
		{412349A2-9E55-42B4-B8A2-BBB82554C743}.Debug|x64.ActiveCfg = Debug|x64
		{412349A2-9E55-42B4-B8A2-BBB82554C743}.Debug|x64.Build.0 = Debug|x64
		{412349A2-9E55-42B4-B8A2-BBB82554C743}.Debug|x86.ActiveCfg = Debug|Win32
		{412349A2-9E55-42B4-B8A2-BBB82554C743}.Debug|x86.Build.0 = Debug|Win32
		{412349A2-9E55-42B4-B8A2-BBB82554C743}.Release|x64.ActiveCfg = Release|x64
		{412349A2-9E55-42B4-B8A2-BBB82554C743}.Release|x64.Build.0 = Release|x64
		{412349A2-9E55-42B4-B8A2-BBB82554C743}.Release|x86.ActiveCfg = Release|Win32
		{412349A2-9E55-42B4-B8A2-BBB82554C743}.Release|x86.Build.0 = Release|Win32
		{E223C3A4-DF0C-4D91-BFE0-4814A021F412}.Debug|x64.ActiveCfg = Debug|x64
		{E223C3A4-DF0C-4D91-BFE0-4814A021F412}.Debug|x64.Build.0 = Debug|x64
		{E223C3A4-DF0C-4D91-BFE0-4814A021F412}.Debug|x86.ActiveCfg = Debug|Win32
		{E223C3A4-DF0C-4D91-BFE0-4814A021F412}.Debug|x86.Build.0 = Debug|Win32
		{E223C3A4-DF0C-4D91-BFE0-4814A021F412}.Release|x64.ActiveCfg = Release|x64
		{E223C3A4-DF0C-4D91-BFE0-4814A021F412}.Release|x64.Build.0 = Release|x64
		{E223C3A4-DF0C-4D91-BFE0-4814A021F412}.Release|x86.ActiveCfg = Release|Win32
		{E223C3A4-DF0C-4D91-BFE0-4814A021F412}.Release|x86.Build.0 = Release|Win32
		{B1737344-CCB8-4A40-BDA9-6B9A76AE329E}.Debug|x64.ActiveCfg = Debug|x64
		{B1737344-CCB8-4A40-BDA9-6B9A76AE329E}.Debug|x64.Build.0 = Debug|x64
		{B1737344-CCB8-4A40-BDA9-6B9A76AE329E}.Debug|x86.ActiveCfg = Debug|Win32
		{B1737344-CCB8-4A40-BDA9-6B9A76AE329E}.Debug|x86.Build.0 = Debug|Win32
		{B1737344-CCB8-4A40-BDA9-6B9A76AE329E}.Release|x64.ActiveCfg = Release|x64
		{B1737344-CCB8-4A40-BDA9-6B9A76AE329E}.Release|x64.Build.0 = Release|x64
		{B1737344-CCB8-4A40-BDA9-6B9A76AE329E}.Release|x86.ActiveCfg = Release|Win32
		{B1737344-CCB8-4A40-BDA9-6B9A76AE329E}.Release|x86.Build.0 = Release|Win32
		{13DFA84D-D166-45D7-8D0C-784563FE5CDA}.Debug|x64.ActiveCfg = Debug|x64
		{13DFA84D-D166-45D7-8D0C-784563FE5CDA}.Debug|x64.Build.0 = Debug|x64
		{13DFA84D-D166-45D7-8D0C-784563FE5CDA}.Debug|x86.ActiveCfg = Debug|Win32
		{13DFA84D-D166-45D7-8D0C-784563FE5CDA}.Debug|x86.Build.0 = Debug|Win32
		{13DFA84D-D166-45D7-8D0C-784563FE5CDA}.Release|x64.ActiveCfg = Release|x64
		{13DFA84D-D166-45D7-8D0C-784563FE5CDA}.Release|x64.Build.0 = Release|x64
		{13DFA84D-D166-45D7-8D0C-784563FE5CDA}.Release|x86.ActiveCfg = Release|Win32
		{13DFA84D-D166-45D7-8D0C-784563FE5CDA}.Release|x86.Build.0 = Release|Win32
		{81E539D1-1EC4-4137-8A0D-1BA151FA1D91}.Debug|x64.ActiveCfg = Debug|x64
		{81E539D1-1EC4-4137-8A0D-1BA151FA1D91}.Debug|x64.Build.0 = Debug|x64
		{81E539D1-1EC4-4137-8A0D-1BA151FA1D91}.Debug|x86.ActiveCfg = Debug|Win32
		{81E539D1-1EC4-4137-8A0D-1BA151FA1D91}.Debug|x86.Build.0 = Debug|Win32
		{81E539D1-1EC4-4137-8A0D-1BA151FA1D91}.Release|x64.ActiveCfg = Release|x64
		{81E539D1-1EC4-4137-8A0D-1BA151FA1D91}.Release|x64.Build.0 = Release|x64
		{81E539D1-1EC4-4137-8A0D-1BA151FA1D91}.Release|x86.ActiveCfg = Release|Win32
		{81E539D1-1EC4-4137-8A0D-1BA151FA1D91}.Release|x86.Build.0 = Release|Win32
		{B215DC0D-C188-476A-9E42-E95E9B1DE02B}.Debug|x64.ActiveCfg = Debug|x64
		{B215DC0D-C188-476A-9E42-E95E9B1DE02B}.Debug|x64.Build.0 = Debug|x64
		{B215DC0D-C188-476A-9E42-E95E9B1DE02B}.Debug|x86.ActiveCfg = Debug|Win32
		{B215DC0D-C188-476A-9E42-E95E9B1DE02B}.Debug|x86.Build.0 = Debug|Win32
		{B215DC0D-C188-476A-9E42-E95E9B1DE02B}.Release|x64.ActiveCfg = Release|x64
		{B215DC0D-C188-476A-9E42-E95E9B1DE02B}.Release|x64.Build.0 = Release|x64
		{B215DC0D-C188-476A-9E42-E95E9B1DE02B}.Release|x86.ActiveCfg = Release|Win32
		{B215DC0D-C188-476A-9E42-E95E9B1DE02B}.Release|x86.Build.0 = Release|Win32
		{EEA92667-4298-4C09-9D8C-DC8840B41D47}.Debug|x64.ActiveCfg = Debug|x64
		{EEA92667-4298-4C09-9D8C-DC8840B41D47}.Debug|x64.Build.0 = Debug|x64
		{EEA92667-4298-4C09-9D8C-DC8840B41D47}.Debug|x86.ActiveCfg = Debug|Win32
		{EEA92667-4298-4C09-9D8C-DC8840B41D47}.Debug|x86.Build.0 = Debug|Win32
		{EEA92667-4298-4C09-9D8C-DC8840B41D47}.Release|x64.ActiveCfg = Release|x64
		{EEA92667-4298-4C09-9D8C-DC8840B41D47}.Release|x64.Build.0 = Release|x64
		{EEA92667-4298-4C09-9D8C-DC8840B41D47}.Release|x86.ActiveCfg = Release|Win32
		{EEA92667-4298-4C09-9D8C-DC8840B41D47}.Release|x86.Build.0 = Release|Win32
		{03A63FB2-4B04-456F-91C2-24415F51D7CB}.Debug|x64.ActiveCfg = Debug|x64
		{03A63FB2-4B04-456F-91C2-24415F51D7CB}.Debug|x64.Build.0 = Debug|x64
		{03A63FB2-4B04-456F-91C2-24415F51D7CB}.Debug|x86.ActiveCfg = Debug|Win32
		{03A63FB2-4B04-456F-91C2-24415F51D7CB}.Debug|x86.Build.0 = Debug|Win32
		{03A63FB2-4B04-456F-91C2-24415F51D7CB}.Release|x64.ActiveCfg = Release|x64
		{03A63FB2-4B04-456F-91C2-24415F51D7CB}.Release|x64.Build.0 = Release|x64
		{03A63FB2-4B04-456F-91C2-24415F51D7CB}.Release|x86.ActiveCfg = Release|Win32
		{03A63FB2-4B04-456F-91C2-24415F51D7CB}.Release|x86.Build.0 = Release|Win32
		{1C94004F-5D96-4EA6-83CC-3032E74C52D5}.Debug|x64.ActiveCfg = Debug|x64
		{1C94004F-5D96-4EA6-83CC-3032E74C52D5}.Debug|x64.Build.0 = Debug|x64
		{1C94004F-5D96-4EA6-83CC-3032E74C52D5}.Debug|x86.ActiveCfg = Debug|Win32
		{1C94004F-5D96-4EA6-83CC-3032E74C52D5}.Debug|x86.Build.0 = Debug|Win32
		{1C94004F-5D96-4EA6-83CC-3032E74C52D5}.Release|x64.ActiveCfg = Release|x64
		{1C94004F-5D96-4EA6-83CC-3032E74C52D5}.Release|x64.Build.0 = Release|x64
		{1C94004F-5D96-4EA6-83CC-3032E74C52D5}.Release|x86.ActiveCfg = Release|Win32
		{1C94004F-5D96-4EA6-83CC-3032E74C52D5}.Release|x86.Build.0 = Release|Win32
	EndGlobalSection
	GlobalSection(SolutionProperties) = preSolution
		HideSolutionNode = FALSE
	EndGlobalSection
	GlobalSection(ExtensibilityGlobals) = postSolution
		SolutionGuid = {9AFDAB5A-2B32-4450-969C-B63869D6CD72}
	EndGlobalSection
EndGlobal
