
Microsoft Visual Studio Solution File, Format Version 12.00
# Visual Studio Version 17
VisualStudioVersion = 17.4.33213.308
MinimumVisualStudioVersion = 10.0.40219.1
Project("{8BC9CEB8-8B4A-11D0-8D11-00A0C91BC942}") = "1", "1\1.vcxproj", "{1B93BD9E-C766-4B24-BA22-70F2A07BE7A3}"
EndProject
Project("{8BC9CEB8-8B4A-11D0-8D11-00A0C91BC942}") = "2", "2\2.vcxproj", "{B9D295CA-3D96-480B-A753-DABD18D997E1}"
EndProject
Project("{8BC9CEB8-8B4A-11D0-8D11-00A0C91BC942}") = "3", "3\3.vcxproj", "{368C104E-9FC3-4216-9277-3F0C59351A6B}"
EndProject
Project("{8BC9CEB8-8B4A-11D0-8D11-00A0C91BC942}") = "4", "4\4.vcxproj", "{30D52EE9-995A-4F6D-AFA8-B4CF43252645}"
EndProject
Project("{8BC9CEB8-8B4A-11D0-8D11-00A0C91BC942}") = "5", "5\5.vcxproj", "{48371F3B-5427-4429-913C-3E5D22856544}"
EndProject
Project("{8BC9CEB8-8B4A-11D0-8D11-00A0C91BC942}") = "6", "6\6.vcxproj", "{8B51033B-6569-4FDE-AFE6-2D7B4E510F2B}"
EndProject
Project("{8BC9CEB8-8B4A-11D0-8D11-00A0C91BC942}") = "7", "7\7.vcxproj", "{9341250A-38C2-47FE-A1A2-A610506EBEBB}"
EndProject
Project("{8BC9CEB8-8B4A-11D0-8D11-00A0C91BC942}") = "8", "8\8.vcxproj", "{A9B50A73-4738-4552-8883-E0A94BFCAD5F}"
EndProject
Project("{8BC9CEB8-8B4A-11D0-8D11-00A0C91BC942}") = "9", "9\9.vcxproj", "{085F2DAE-DE09-46D9-8CED-C0383E18888E}"
EndProject
Project("{8BC9CEB8-8B4A-11D0-8D11-00A0C91BC942}") = "10", "10\10.vcxproj", "{5557899D-3880-42E1-8A5A-372229D736FD}"
EndProject
Project("{8BC9CEB8-8B4A-11D0-8D11-00A0C91BC942}") = "11", "11\11.vcxproj", "{F34D9E6B-53CD-459F-8988-02CD2AC2C0B7}"
EndProject
Project("{8BC9CEB8-8B4A-11D0-8D11-00A0C91BC942}") = "12", "12\12.vcxproj", "{26E3B103-E567-4F65-B6C2-89E8FAC3D969}"
EndProject
Project("{8BC9CEB8-8B4A-11D0-8D11-00A0C91BC942}") = "13", "13\13.vcxproj", "{71DCA39D-45D9-4C97-8163-2F8D6204F87B}"
EndProject
Project("{8BC9CEB8-8B4A-11D0-8D11-00A0C91BC942}") = "14", "14\14.vcxproj", "{D94FA14D-7865-4339-BF75-9211C5A7A95D}"
EndProject
Project("{8BC9CEB8-8B4A-11D0-8D11-00A0C91BC942}") = "15", "15\15.vcxproj", "{81F307E7-CBBE-4B31-952A-85AAF30DC396}"
EndProject
Project("{8BC9CEB8-8B4A-11D0-8D11-00A0C91BC942}") = "16", "16\16.vcxproj", "{598C3797-BE85-4AC8-BE37-AA22472E0918}"
EndProject
Project("{8BC9CEB8-8B4A-11D0-8D11-00A0C91BC942}") = "17", "17\17.vcxproj", "{0FF814D9-E30F-4C42-B222-C923E1D6F02D}"
EndProject
Project("{8BC9CEB8-8B4A-11D0-8D11-00A0C91BC942}") = "18", "18\18.vcxproj", "{9D5CD297-D49D-42CC-B459-077FB0A855FA}"
EndProject
Project("{8BC9CEB8-8B4A-11D0-8D11-00A0C91BC942}") = "19", "19\19.vcxproj", "{3D01CBF7-60E9-48C6-9D5E-F1E1E6DEE600}"
EndProject
Project("{8BC9CEB8-8B4A-11D0-8D11-00A0C91BC942}") = "20", "20\20.vcxproj", "{C47E05FD-C2D9-4B61-9440-656429BB15B1}"
EndProject
Global
	GlobalSection(SolutionConfigurationPlatforms) = preSolution
		Debug|x64 = Debug|x64
		Debug|x86 = Debug|x86
		Release|x64 = Release|x64
		Release|x86 = Release|x86
	EndGlobalSection
	GlobalSection(ProjectConfigurationPlatforms) = postSolution
		{1B93BD9E-C766-4B24-BA22-70F2A07BE7A3}.Debug|x64.ActiveCfg = Debug|x64
		{1B93BD9E-C766-4B24-BA22-70F2A07BE7A3}.Debug|x64.Build.0 = Debug|x64
		{1B93BD9E-C766-4B24-BA22-70F2A07BE7A3}.Debug|x86.ActiveCfg = Debug|Win32
		{1B93BD9E-C766-4B24-BA22-70F2A07BE7A3}.Debug|x86.Build.0 = Debug|Win32
		{1B93BD9E-C766-4B24-BA22-70F2A07BE7A3}.Release|x64.ActiveCfg = Release|x64
		{1B93BD9E-C766-4B24-BA22-70F2A07BE7A3}.Release|x64.Build.0 = Release|x64
		{1B93BD9E-C766-4B24-BA22-70F2A07BE7A3}.Release|x86.ActiveCfg = Release|Win32
		{1B93BD9E-C766-4B24-BA22-70F2A07BE7A3}.Release|x86.Build.0 = Release|Win32
		{B9D295CA-3D96-480B-A753-DABD18D997E1}.Debug|x64.ActiveCfg = Debug|x64
		{B9D295CA-3D96-480B-A753-DABD18D997E1}.Debug|x64.Build.0 = Debug|x64
		{B9D295CA-3D96-480B-A753-DABD18D997E1}.Debug|x86.ActiveCfg = Debug|Win32
		{B9D295CA-3D96-480B-A753-DABD18D997E1}.Debug|x86.Build.0 = Debug|Win32
		{B9D295CA-3D96-480B-A753-DABD18D997E1}.Release|x64.ActiveCfg = Release|x64
		{B9D295CA-3D96-480B-A753-DABD18D997E1}.Release|x64.Build.0 = Release|x64
		{B9D295CA-3D96-480B-A753-DABD18D997E1}.Release|x86.ActiveCfg = Release|Win32
		{B9D295CA-3D96-480B-A753-DABD18D997E1}.Release|x86.Build.0 = Release|Win32
		{368C104E-9FC3-4216-9277-3F0C59351A6B}.Debug|x64.ActiveCfg = Debug|x64
		{368C104E-9FC3-4216-9277-3F0C59351A6B}.Debug|x64.Build.0 = Debug|x64
		{368C104E-9FC3-4216-9277-3F0C59351A6B}.Debug|x86.ActiveCfg = Debug|Win32
		{368C104E-9FC3-4216-9277-3F0C59351A6B}.Debug|x86.Build.0 = Debug|Win32
		{368C104E-9FC3-4216-9277-3F0C59351A6B}.Release|x64.ActiveCfg = Release|x64
		{368C104E-9FC3-4216-9277-3F0C59351A6B}.Release|x64.Build.0 = Release|x64
		{368C104E-9FC3-4216-9277-3F0C59351A6B}.Release|x86.ActiveCfg = Release|Win32
		{368C104E-9FC3-4216-9277-3F0C59351A6B}.Release|x86.Build.0 = Release|Win32
		{30D52EE9-995A-4F6D-AFA8-B4CF43252645}.Debug|x64.ActiveCfg = Debug|x64
		{30D52EE9-995A-4F6D-AFA8-B4CF43252645}.Debug|x64.Build.0 = Debug|x64
		{30D52EE9-995A-4F6D-AFA8-B4CF43252645}.Debug|x86.ActiveCfg = Debug|Win32
		{30D52EE9-995A-4F6D-AFA8-B4CF43252645}.Debug|x86.Build.0 = Debug|Win32
		{30D52EE9-995A-4F6D-AFA8-B4CF43252645}.Release|x64.ActiveCfg = Release|x64
		{30D52EE9-995A-4F6D-AFA8-B4CF43252645}.Release|x64.Build.0 = Release|x64
		{30D52EE9-995A-4F6D-AFA8-B4CF43252645}.Release|x86.ActiveCfg = Release|Win32
		{30D52EE9-995A-4F6D-AFA8-B4CF43252645}.Release|x86.Build.0 = Release|Win32
		{48371F3B-5427-4429-913C-3E5D22856544}.Debug|x64.ActiveCfg = Debug|x64
		{48371F3B-5427-4429-913C-3E5D22856544}.Debug|x64.Build.0 = Debug|x64
		{48371F3B-5427-4429-913C-3E5D22856544}.Debug|x86.ActiveCfg = Debug|Win32
		{48371F3B-5427-4429-913C-3E5D22856544}.Debug|x86.Build.0 = Debug|Win32
		{48371F3B-5427-4429-913C-3E5D22856544}.Release|x64.ActiveCfg = Release|x64
		{48371F3B-5427-4429-913C-3E5D22856544}.Release|x64.Build.0 = Release|x64
		{48371F3B-5427-4429-913C-3E5D22856544}.Release|x86.ActiveCfg = Release|Win32
		{48371F3B-5427-4429-913C-3E5D22856544}.Release|x86.Build.0 = Release|Win32
		{8B51033B-6569-4FDE-AFE6-2D7B4E510F2B}.Debug|x64.ActiveCfg = Debug|x64
		{8B51033B-6569-4FDE-AFE6-2D7B4E510F2B}.Debug|x64.Build.0 = Debug|x64
		{8B51033B-6569-4FDE-AFE6-2D7B4E510F2B}.Debug|x86.ActiveCfg = Debug|Win32
		{8B51033B-6569-4FDE-AFE6-2D7B4E510F2B}.Debug|x86.Build.0 = Debug|Win32
		{8B51033B-6569-4FDE-AFE6-2D7B4E510F2B}.Release|x64.ActiveCfg = Release|x64
		{8B51033B-6569-4FDE-AFE6-2D7B4E510F2B}.Release|x64.Build.0 = Release|x64
		{8B51033B-6569-4FDE-AFE6-2D7B4E510F2B}.Release|x86.ActiveCfg = Release|Win32
		{8B51033B-6569-4FDE-AFE6-2D7B4E510F2B}.Release|x86.Build.0 = Release|Win32
		{9341250A-38C2-47FE-A1A2-A610506EBEBB}.Debug|x64.ActiveCfg = Debug|x64
		{9341250A-38C2-47FE-A1A2-A610506EBEBB}.Debug|x64.Build.0 = Debug|x64
		{9341250A-38C2-47FE-A1A2-A610506EBEBB}.Debug|x86.ActiveCfg = Debug|Win32
		{9341250A-38C2-47FE-A1A2-A610506EBEBB}.Debug|x86.Build.0 = Debug|Win32
		{9341250A-38C2-47FE-A1A2-A610506EBEBB}.Release|x64.ActiveCfg = Release|x64
		{9341250A-38C2-47FE-A1A2-A610506EBEBB}.Release|x64.Build.0 = Release|x64
		{9341250A-38C2-47FE-A1A2-A610506EBEBB}.Release|x86.ActiveCfg = Release|Win32
		{9341250A-38C2-47FE-A1A2-A610506EBEBB}.Release|x86.Build.0 = Release|Win32
		{A9B50A73-4738-4552-8883-E0A94BFCAD5F}.Debug|x64.ActiveCfg = Debug|x64
		{A9B50A73-4738-4552-8883-E0A94BFCAD5F}.Debug|x64.Build.0 = Debug|x64
		{A9B50A73-4738-4552-8883-E0A94BFCAD5F}.Debug|x86.ActiveCfg = Debug|Win32
		{A9B50A73-4738-4552-8883-E0A94BFCAD5F}.Debug|x86.Build.0 = Debug|Win32
		{A9B50A73-4738-4552-8883-E0A94BFCAD5F}.Release|x64.ActiveCfg = Release|x64
		{A9B50A73-4738-4552-8883-E0A94BFCAD5F}.Release|x64.Build.0 = Release|x64
		{A9B50A73-4738-4552-8883-E0A94BFCAD5F}.Release|x86.ActiveCfg = Release|Win32
		{A9B50A73-4738-4552-8883-E0A94BFCAD5F}.Release|x86.Build.0 = Release|Win32
		{085F2DAE-DE09-46D9-8CED-C0383E18888E}.Debug|x64.ActiveCfg = Debug|x64
		{085F2DAE-DE09-46D9-8CED-C0383E18888E}.Debug|x64.Build.0 = Debug|x64
		{085F2DAE-DE09-46D9-8CED-C0383E18888E}.Debug|x86.ActiveCfg = Debug|Win32
		{085F2DAE-DE09-46D9-8CED-C0383E18888E}.Debug|x86.Build.0 = Debug|Win32
		{085F2DAE-DE09-46D9-8CED-C0383E18888E}.Release|x64.ActiveCfg = Release|x64
		{085F2DAE-DE09-46D9-8CED-C0383E18888E}.Release|x64.Build.0 = Release|x64
		{085F2DAE-DE09-46D9-8CED-C0383E18888E}.Release|x86.ActiveCfg = Release|Win32
		{085F2DAE-DE09-46D9-8CED-C0383E18888E}.Release|x86.Build.0 = Release|Win32
		{5557899D-3880-42E1-8A5A-372229D736FD}.Debug|x64.ActiveCfg = Debug|x64
		{5557899D-3880-42E1-8A5A-372229D736FD}.Debug|x64.Build.0 = Debug|x64
		{5557899D-3880-42E1-8A5A-372229D736FD}.Debug|x86.ActiveCfg = Debug|Win32
		{5557899D-3880-42E1-8A5A-372229D736FD}.Debug|x86.Build.0 = Debug|Win32
		{5557899D-3880-42E1-8A5A-372229D736FD}.Release|x64.ActiveCfg = Release|x64
		{5557899D-3880-42E1-8A5A-372229D736FD}.Release|x64.Build.0 = Release|x64
		{5557899D-3880-42E1-8A5A-372229D736FD}.Release|x86.ActiveCfg = Release|Win32
		{5557899D-3880-42E1-8A5A-372229D736FD}.Release|x86.Build.0 = Release|Win32
		{F34D9E6B-53CD-459F-8988-02CD2AC2C0B7}.Debug|x64.ActiveCfg = Debug|x64
		{F34D9E6B-53CD-459F-8988-02CD2AC2C0B7}.Debug|x64.Build.0 = Debug|x64
		{F34D9E6B-53CD-459F-8988-02CD2AC2C0B7}.Debug|x86.ActiveCfg = Debug|Win32
		{F34D9E6B-53CD-459F-8988-02CD2AC2C0B7}.Debug|x86.Build.0 = Debug|Win32
		{F34D9E6B-53CD-459F-8988-02CD2AC2C0B7}.Release|x64.ActiveCfg = Release|x64
		{F34D9E6B-53CD-459F-8988-02CD2AC2C0B7}.Release|x64.Build.0 = Release|x64
		{F34D9E6B-53CD-459F-8988-02CD2AC2C0B7}.Release|x86.ActiveCfg = Release|Win32
		{F34D9E6B-53CD-459F-8988-02CD2AC2C0B7}.Release|x86.Build.0 = Release|Win32
		{26E3B103-E567-4F65-B6C2-89E8FAC3D969}.Debug|x64.ActiveCfg = Debug|x64
		{26E3B103-E567-4F65-B6C2-89E8FAC3D969}.Debug|x64.Build.0 = Debug|x64
		{26E3B103-E567-4F65-B6C2-89E8FAC3D969}.Debug|x86.ActiveCfg = Debug|Win32
		{26E3B103-E567-4F65-B6C2-89E8FAC3D969}.Debug|x86.Build.0 = Debug|Win32
		{26E3B103-E567-4F65-B6C2-89E8FAC3D969}.Release|x64.ActiveCfg = Release|x64
		{26E3B103-E567-4F65-B6C2-89E8FAC3D969}.Release|x64.Build.0 = Release|x64
		{26E3B103-E567-4F65-B6C2-89E8FAC3D969}.Release|x86.ActiveCfg = Release|Win32
		{26E3B103-E567-4F65-B6C2-89E8FAC3D969}.Release|x86.Build.0 = Release|Win32
		{71DCA39D-45D9-4C97-8163-2F8D6204F87B}.Debug|x64.ActiveCfg = Debug|x64
		{71DCA39D-45D9-4C97-8163-2F8D6204F87B}.Debug|x64.Build.0 = Debug|x64
		{71DCA39D-45D9-4C97-8163-2F8D6204F87B}.Debug|x86.ActiveCfg = Debug|Win32
		{71DCA39D-45D9-4C97-8163-2F8D6204F87B}.Debug|x86.Build.0 = Debug|Win32
		{71DCA39D-45D9-4C97-8163-2F8D6204F87B}.Release|x64.ActiveCfg = Release|x64
		{71DCA39D-45D9-4C97-8163-2F8D6204F87B}.Release|x64.Build.0 = Release|x64
		{71DCA39D-45D9-4C97-8163-2F8D6204F87B}.Release|x86.ActiveCfg = Release|Win32
		{71DCA39D-45D9-4C97-8163-2F8D6204F87B}.Release|x86.Build.0 = Release|Win32
		{D94FA14D-7865-4339-BF75-9211C5A7A95D}.Debug|x64.ActiveCfg = Debug|x64
		{D94FA14D-7865-4339-BF75-9211C5A7A95D}.Debug|x64.Build.0 = Debug|x64
		{D94FA14D-7865-4339-BF75-9211C5A7A95D}.Debug|x86.ActiveCfg = Debug|Win32
		{D94FA14D-7865-4339-BF75-9211C5A7A95D}.Debug|x86.Build.0 = Debug|Win32
		{D94FA14D-7865-4339-BF75-9211C5A7A95D}.Release|x64.ActiveCfg = Release|x64
		{D94FA14D-7865-4339-BF75-9211C5A7A95D}.Release|x64.Build.0 = Release|x64
		{D94FA14D-7865-4339-BF75-9211C5A7A95D}.Release|x86.ActiveCfg = Release|Win32
		{D94FA14D-7865-4339-BF75-9211C5A7A95D}.Release|x86.Build.0 = Release|Win32
		{81F307E7-CBBE-4B31-952A-85AAF30DC396}.Debug|x64.ActiveCfg = Debug|x64
		{81F307E7-CBBE-4B31-952A-85AAF30DC396}.Debug|x64.Build.0 = Debug|x64
		{81F307E7-CBBE-4B31-952A-85AAF30DC396}.Debug|x86.ActiveCfg = Debug|Win32
		{81F307E7-CBBE-4B31-952A-85AAF30DC396}.Debug|x86.Build.0 = Debug|Win32
		{81F307E7-CBBE-4B31-952A-85AAF30DC396}.Release|x64.ActiveCfg = Release|x64
		{81F307E7-CBBE-4B31-952A-85AAF30DC396}.Release|x64.Build.0 = Release|x64
		{81F307E7-CBBE-4B31-952A-85AAF30DC396}.Release|x86.ActiveCfg = Release|Win32
		{81F307E7-CBBE-4B31-952A-85AAF30DC396}.Release|x86.Build.0 = Release|Win32
		{598C3797-BE85-4AC8-BE37-AA22472E0918}.Debug|x64.ActiveCfg = Debug|x64
		{598C3797-BE85-4AC8-BE37-AA22472E0918}.Debug|x64.Build.0 = Debug|x64
		{598C3797-BE85-4AC8-BE37-AA22472E0918}.Debug|x86.ActiveCfg = Debug|Win32
		{598C3797-BE85-4AC8-BE37-AA22472E0918}.Debug|x86.Build.0 = Debug|Win32
		{598C3797-BE85-4AC8-BE37-AA22472E0918}.Release|x64.ActiveCfg = Release|x64
		{598C3797-BE85-4AC8-BE37-AA22472E0918}.Release|x64.Build.0 = Release|x64
		{598C3797-BE85-4AC8-BE37-AA22472E0918}.Release|x86.ActiveCfg = Release|Win32
		{598C3797-BE85-4AC8-BE37-AA22472E0918}.Release|x86.Build.0 = Release|Win32
		{0FF814D9-E30F-4C42-B222-C923E1D6F02D}.Debug|x64.ActiveCfg = Debug|x64
		{0FF814D9-E30F-4C42-B222-C923E1D6F02D}.Debug|x64.Build.0 = Debug|x64
		{0FF814D9-E30F-4C42-B222-C923E1D6F02D}.Debug|x86.ActiveCfg = Debug|Win32
		{0FF814D9-E30F-4C42-B222-C923E1D6F02D}.Debug|x86.Build.0 = Debug|Win32
		{0FF814D9-E30F-4C42-B222-C923E1D6F02D}.Release|x64.ActiveCfg = Release|x64
		{0FF814D9-E30F-4C42-B222-C923E1D6F02D}.Release|x64.Build.0 = Release|x64
		{0FF814D9-E30F-4C42-B222-C923E1D6F02D}.Release|x86.ActiveCfg = Release|Win32
		{0FF814D9-E30F-4C42-B222-C923E1D6F02D}.Release|x86.Build.0 = Release|Win32
		{9D5CD297-D49D-42CC-B459-077FB0A855FA}.Debug|x64.ActiveCfg = Debug|x64
		{9D5CD297-D49D-42CC-B459-077FB0A855FA}.Debug|x64.Build.0 = Debug|x64
		{9D5CD297-D49D-42CC-B459-077FB0A855FA}.Debug|x86.ActiveCfg = Debug|Win32
		{9D5CD297-D49D-42CC-B459-077FB0A855FA}.Debug|x86.Build.0 = Debug|Win32
		{9D5CD297-D49D-42CC-B459-077FB0A855FA}.Release|x64.ActiveCfg = Release|x64
		{9D5CD297-D49D-42CC-B459-077FB0A855FA}.Release|x64.Build.0 = Release|x64
		{9D5CD297-D49D-42CC-B459-077FB0A855FA}.Release|x86.ActiveCfg = Release|Win32
		{9D5CD297-D49D-42CC-B459-077FB0A855FA}.Release|x86.Build.0 = Release|Win32
		{3D01CBF7-60E9-48C6-9D5E-F1E1E6DEE600}.Debug|x64.ActiveCfg = Debug|x64
		{3D01CBF7-60E9-48C6-9D5E-F1E1E6DEE600}.Debug|x64.Build.0 = Debug|x64
		{3D01CBF7-60E9-48C6-9D5E-F1E1E6DEE600}.Debug|x86.ActiveCfg = Debug|Win32
		{3D01CBF7-60E9-48C6-9D5E-F1E1E6DEE600}.Debug|x86.Build.0 = Debug|Win32
		{3D01CBF7-60E9-48C6-9D5E-F1E1E6DEE600}.Release|x64.ActiveCfg = Release|x64
		{3D01CBF7-60E9-48C6-9D5E-F1E1E6DEE600}.Release|x64.Build.0 = Release|x64
		{3D01CBF7-60E9-48C6-9D5E-F1E1E6DEE600}.Release|x86.ActiveCfg = Release|Win32
		{3D01CBF7-60E9-48C6-9D5E-F1E1E6DEE600}.Release|x86.Build.0 = Release|Win32
		{C47E05FD-C2D9-4B61-9440-656429BB15B1}.Debug|x64.ActiveCfg = Debug|x64
		{C47E05FD-C2D9-4B61-9440-656429BB15B1}.Debug|x64.Build.0 = Debug|x64
		{C47E05FD-C2D9-4B61-9440-656429BB15B1}.Debug|x86.ActiveCfg = Debug|Win32
		{C47E05FD-C2D9-4B61-9440-656429BB15B1}.Debug|x86.Build.0 = Debug|Win32
		{C47E05FD-C2D9-4B61-9440-656429BB15B1}.Release|x64.ActiveCfg = Release|x64
		{C47E05FD-C2D9-4B61-9440-656429BB15B1}.Release|x64.Build.0 = Release|x64
		{C47E05FD-C2D9-4B61-9440-656429BB15B1}.Release|x86.ActiveCfg = Release|Win32
		{C47E05FD-C2D9-4B61-9440-656429BB15B1}.Release|x86.Build.0 = Release|Win32
	EndGlobalSection
	GlobalSection(SolutionProperties) = preSolution
		HideSolutionNode = FALSE
	EndGlobalSection
	GlobalSection(ExtensibilityGlobals) = postSolution
		SolutionGuid = {E2A02950-8F07-4B77-842B-6573BDFB4066}
	EndGlobalSection
EndGlobal
